#MicroXplorer Configuration settings - do not modify
PD7.Mode=NorPsramChipSelect1_1
SH.FMC_D7_DA7.1=FMC_D7,16b-d2
SH.FMC_D7_DA7.0=FMC_D7,16b-d1
SH.FMC_D0_DA0.ConfNb=2
SH.FMC_A4.ConfNb=2
SH.FMC_A0.ConfNb=2
SH.FMC_D6_DA6.ConfNb=2
SH.FMC_D9_DA9.ConfNb=2
FATFS._USE_LFN=1
SH.FMC_A0.0=FMC_A0,8b-a2
FATFS0.BSP.api=Unknown
SH.FMC_A0.1=FMC_A0,8b-a1
VP_FATFS_VS_SDIO.Mode=SDIO
RCC.PLLCLKFreq_Value=72000000
PC12.Signal=SDIO_CK
RCC.PLLQCLKFreq_Value=48000000
PG3.GPIOParameters=GPIO_Label
RCC.RTCFreq_Value=32000
PD0.Locked=true
USART1.IPParameters=VirtualMode,BaudRate
SH.FMC_D5_DA5.1=FMC_D5,16b-d2
SH.FMC_D5_DA5.0=FMC_D5,16b-d1
SH.FMC_NOE.ConfNb=2
PG2.GPIOParameters=GPIO_Label
PinOutPanel.RotationAngle=0
SH.FMC_NWE.1=FMC_NWE,Sram2
SH.FMC_NWE.0=FMC_NWE,Sram1
PE6.GPIO_Label=FPGA_PROGRAMN
RCC.SYSCLKSource=RCC_SYSCLKSOURCE_PLLCLK
Dma.SDIO_TX.1.Instance=DMA2_Stream6
Dma.SDIO_TX.1.PeriphInc=DMA_PINC_DISABLE
SH.FMC_D9_DA9.0=FMC_D9,16b-d1
SH.FMC_D9_DA9.1=FMC_D9,16b-d2
NVIC.SVCall_IRQn=true\:0\:0\:false\:false\:true\:false\:false
Dma.SDIO_TX.1.PeriphDataAlignment=DMA_PDATAALIGN_WORD
VP_FATFS_VS_SDIO.Signal=FATFS_VS_SDIO
RCC.LCDTFTFreq_Value=24500000
SH.FMC_D11_DA11.0=FMC_D11,16b-d1
SH.FMC_D11_DA11.1=FMC_D11,16b-d2
PD4.Signal=FMC_NOE
RCC.APB2TimFreq_Value=72000000
PB6.Signal=USART1_TX
SH.FMC_D10_DA10.ConfNb=2
PB6.Mode=Asynchronous
PD0.Signal=FMC_D2_DA2
PD8.Signal=FMC_D13_DA13
PE5.Signal=GPIO_Output
PE1.Signal=GPIO_Output
Dma.SDIO_TX.1.FIFOMode=DMA_FIFOMODE_ENABLE
PF10.GPIO_Label=SD_DETECT
FATFS0.BSP.ip=GPIO
ProjectManager.ProjectBuild=false
NVIC.UsageFault_IRQn=true\:0\:0\:false\:false\:true\:false\:false
PA8.Locked=true
FATFS0.BSP.i2caddr=0
ProjectManager.FirmwarePackage=STM32Cube FW_F4 V1.26.1
SH.FMC_A2.1=FMC_A2,8b-a1
MxDb.Version=DB.6.0.21
PE0.GPIOParameters=GPIO_Label
ProjectManager.BackupPrevious=false
PE9.Signal=FMC_D6_DA6
SH.FMC_A2.0=FMC_A2,8b-a2
SH.FMC_D15_DA15.ConfNb=2
PE4.GPIO_Label=FPGA_TCK
PC9.Mode=SD_4_bits_Wide_bus
PF10.Locked=true
FATFS._USE_MKFS=0
PE2.Signal=GPIO_Input
PA8.Signal=RCC_MCO_1
Dma.SDIO_TX.1.Direction=DMA_MEMORY_TO_PERIPH
SH.FMC_D1_DA1.0=FMC_D1,16b-d1
PE1.Locked=true
SH.FMC_D1_DA1.1=FMC_D1,16b-d2
NVIC.PendSV_IRQn=true\:0\:0\:false\:false\:true\:false\:false
PF3.Signal=FMC_A3
Dma.SDIO_RX.0.MemDataAlignment=DMA_MDATAALIGN_WORD
PE10.Signal=FMC_D7_DA7
ProjectManager.HalAssertFull=false
RCC.MCO2PinFreq_Value=72000000
Mcu.Package=TFBGA216
FATFS0.BSP.solution=PF10
VP_SYS_VS_Systick.Signal=SYS_VS_Systick
PA10.Signal=USART1_RX
PC11.Mode=SD_4_bits_Wide_bus
Dma.SDIO_TX.1.FIFOThreshold=DMA_FIFO_THRESHOLD_FULL
SH.FMC_A1.1=FMC_A1,8b-a1
SH.FMC_A1.0=FMC_A1,8b-a2
Dma.SDIO_TX.1.Priority=DMA_PRIORITY_LOW
RCC.APB1TimFreq_Value=72000000
NVIC.BusFault_IRQn=true\:0\:0\:false\:false\:true\:false\:false
Dma.SDIO_RX.0.MemBurst=DMA_MBURST_INC4
PE6.Locked=true
Dma.SDIO_RX.0.Instance=DMA2_Stream3
NVIC.USART1_IRQn=true\:0\:0\:false\:false\:true\:true\:true
PD5.Locked=true
PE6.GPIO_Speed=GPIO_SPEED_FREQ_LOW
SH.FMC_D3_DA3.0=FMC_D3,16b-d1
PD15.Signal=FMC_D1_DA1
ProjectManager.CustomerFirmwarePackage=
SH.FMC_D3_DA3.1=FMC_D3,16b-d2
RCC.SAI_AClocksFreq_Value=24500000
Dma.SDIO_RX.0.FIFOMode=DMA_FIFOMODE_ENABLE
SH.FMC_D3_DA3.ConfNb=2
FATFS0.BSP.STBoard=false
SH.FMC_A4.0=FMC_A4,8b-a2
Dma.SDIO_RX.0.Mode=DMA_PFCTRL
SH.FMC_A7.ConfNb=2
Dma.SDIO_RX.0.Priority=DMA_PRIORITY_LOW
ProjectManager.ProjectFileName=BOOT.ioc
SH.FMC_A4.1=FMC_A4,8b-a1
SH.FMC_A1.ConfNb=2
SH.FMC_A5.ConfNb=2
Mcu.PinsNb=50
PG9.Signal=FMC_NE2
SH.FMC_D10_DA10.1=FMC_D10,16b-d2
PA9.GPIO_Label=FPGA_INTN
PG3.Locked=true
SH.FMC_D10_DA10.0=FMC_D10,16b-d1
FATFS0.BSP.mode=Input
PG9.Mode=NorPsramChipSelect2_2
PD7.Signal=FMC_NE1
PD1.Signal=FMC_D3_DA3
RCC.VCOSAIOutputFreq_ValueQ=24500000
RCC.VCOSAIOutputFreq_ValueR=49000000
RCC.APB1CLKDivider=RCC_HCLK_DIV2
SH.FMC_NOE.0=FMC_NOE,Sram1
SH.FMC_NOE.1=FMC_NOE,Sram2
PD10.Signal=FMC_D15_DA15
SH.FMC_A3.1=FMC_A3,8b-a1
SH.FMC_A3.0=FMC_A3,8b-a2
Dma.SDIO_RX.0.MemInc=DMA_MINC_ENABLE
Dma.SDIO_RX.0.FIFOThreshold=DMA_FIFO_THRESHOLD_FULL
SH.FMC_D15_DA15.1=FMC_D15,16b-d2
SH.FMC_D15_DA15.0=FMC_D15,16b-d1
PA9.Signal=GPIO_Input
NVIC.DMA2_Stream6_IRQn=true\:0\:0\:false\:false\:true\:false\:true
Mcu.Pin48=VP_FATFS_VS_SDIO
Mcu.Pin49=VP_SYS_VS_Systick
Mcu.Pin46=PE15
Mcu.Pin47=PE13
FATFS.BSP.number=1
Mcu.Pin40=PE9
Mcu.Pin41=PE11
PC12.Mode=SD_4_bits_Wide_bus
Mcu.Pin44=PE10
Mcu.Pin45=PE12
Mcu.Pin42=PE14
Mcu.Pin43=PE7
PE1.GPIO_Label=SC_ON_OFF
ProjectManager.LastFirmware=false
SH.FMC_A6.0=FMC_A6,8b-a2
PE14.Signal=FMC_D11_DA11
SH.FMC_A6.1=FMC_A6,8b-a1
PE15.Signal=FMC_D12_DA12
Mcu.Pin37=PG2
Mcu.Pin38=PF13
Mcu.Pin35=PF12
Mcu.Pin36=PG3
PE8.Signal=FMC_D5_DA5
SH.FMC_D14_DA14.ConfNb=2
Mcu.Pin39=PE8
FATFS0.BSP.i2creg=
Mcu.Pin30=PD10
RCC.EthernetFreq_Value=72000000
Mcu.Pin33=PD9
Mcu.Pin34=PD8
Mcu.Pin31=PF10
Mcu.Pin32=PD14
PA9.Locked=true
NVIC.NonMaskableInt_IRQn=true\:0\:0\:false\:false\:true\:false\:false
PF13.Signal=FMC_A7
Dma.SDIO_TX.1.Mode=DMA_PFCTRL
ProjectManager.FreePins=false
Mcu.Pin26=PF3
Mcu.Pin27=PF4
RCC.RTCHSEDivFreq_Value=12500000
Mcu.Pin24=PF2
ProjectManager.UnderRoot=true
Mcu.Pin25=PC8
Mcu.Pin28=PF5
Mcu.Pin29=PD15
PC8.Mode=SD_4_bits_Wide_bus
SH.FMC_D7_DA7.ConfNb=2
Mcu.Pin22=PC9
Mcu.Pin23=PA8
Mcu.Pin20=PF1
Mcu.Pin21=PA9
PA10.Locked=true
NVIC.ForceEnableDMAVector=true
NVIC.MemoryManagement_IRQn=true\:0\:0\:false\:false\:true\:false\:false
PE5.GPIO_Label=FPGA_TMS
USART1.VirtualMode=VM_ASYNC
ProjectManager.CompilerOptimize=6
SH.FMC_A5.1=FMC_A5,8b-a1
SH.FMC_A5.0=FMC_A5,8b-a2
ProjectManager.HeapSize=0x200
Mcu.Pin15=PF0
NVIC.HardFault_IRQn=true\:0\:0\:false\:false\:true\:false\:false
Mcu.Pin16=PG9
Mcu.Pin13=PD5
Mcu.Pin14=PD1
Mcu.Pin19=PA10
PF10.GPIOParameters=GPIO_Label
ProjectManager.ComputerToolchain=false
Mcu.Pin17=PD4
Mcu.Pin18=PD2
NVIC.PriorityGroup=NVIC_PRIORITYGROUP_4
Mcu.Pin11=PC11
Mcu.Pin12=PC10
Mcu.Pin10=PD0
PE3.Signal=GPIO_Output
PE2.Locked=true
PA8.Mode=Clock-out-1
PF4.Signal=FMC_A4
PG3.GPIO_Label=GPIO0_RST_OUT
PD2.Signal=SDIO_CMD
SH.FMC_D12_DA12.ConfNb=2
PD1.Locked=true
FATFS0.BSP.name=Detect_SDIO
Mcu.Family=STM32F4
FMC.IPParameters=WriteOperation1,WriteOperation2
ProjectManager.MainLocation=Src
Dma.SDIO_TX.1.MemInc=DMA_MINC_ENABLE
SH.FMC_A6.ConfNb=2
RCC.CortexFreq_Value=72000000
SH.FMC_A2.ConfNb=2
ProjectManager.KeepUserCode=true
Mcu.UserName=STM32F429NIHx
FATFS0.BSP.semaphore=
SH.FMC_D14_DA14.0=FMC_D14,16b-d1
SH.FMC_D14_DA14.1=FMC_D14,16b-d2
PG2.Signal=GPIO_Output
USART1.BaudRate=9600
PC10.Signal=SDIO_D2
PG2.Locked=true
ProjectManager.functionlistsort=1-MX_GPIO_Init-GPIO-false-HAL-true,2-MX_DMA_Init-DMA-false-HAL-true,3-SystemClock_Config-RCC-false-HAL-false,4-MX_FMC_Init-FMC-false-HAL-true,5-MX_USART1_UART_Init-USART1-false-HAL-true,6-MX_SDIO_SD_Init-SDIO-false-HAL-true,7-MX_FATFS_Init-FATFS-false-HAL-false
PA9.GPIOParameters=GPIO_Label
SH.FMC_D6_DA6.1=FMC_D6,16b-d2
SH.FMC_D6_DA6.0=FMC_D6,16b-d1
FMC.WriteOperation1=FMC_WRITE_OPERATION_ENABLE
FMC.WriteOperation2=FMC_WRITE_OPERATION_ENABLE
Dma.SDIO_TX.1.PeriphBurst=DMA_PBURST_INC4
Dma.SDIO_RX.0.RequestParameters=Instance,Direction,PeriphInc,MemInc,PeriphDataAlignment,MemDataAlignment,Mode,Priority,FIFOMode,FIFOThreshold,MemBurst,PeriphBurst
PE5.GPIOParameters=GPIO_Speed,GPIO_Label
ProjectManager.StackSize=0x400
Dma.SDIO_RX.0.Direction=DMA_PERIPH_TO_MEMORY
RCC.SAI_BClocksFreq_Value=24500000
Mcu.IP4=RCC
RCC.FCLKCortexFreq_Value=72000000
Mcu.IP5=SDIO
Mcu.IP2=FMC
Mcu.IP3=NVIC
SH.FMC_A7.1=FMC_A7,8b-a1
Mcu.IP0=DMA
SH.FMC_A7.0=FMC_A7,8b-a2
Mcu.IP1=FATFS
PE4.GPIOParameters=GPIO_Speed,GPIO_Label
Mcu.UserConstants=
Mcu.ThirdPartyNb=0
RCC.HCLKFreq_Value=72000000
Mcu.IPNb=8
RCC.I2SClocksFreq_Value=192000000
ProjectManager.PreviousToolchain=
PF1.Locked=true
SH.FMC_NWE.ConfNb=2
RCC.VcooutputI2S=192000000
PF12.Signal=FMC_A6
Mcu.Pin6=PC12
Mcu.Pin7=PE5
Mcu.Pin8=PE6
Dma.SDIO_TX.1.RequestParameters=Instance,Direction,PeriphInc,MemInc,PeriphDataAlignment,MemDataAlignment,Mode,Priority,FIFOMode,FIFOThreshold,MemBurst,PeriphBurst
Mcu.Pin9=PB6
RCC.VCOSAIOutputFreq_Value=98000000
RCC.AHBFreq_Value=72000000
Mcu.Pin0=PE4
Mcu.Pin1=PE3
GPIO.groupedBy=Group By Peripherals
Mcu.Pin2=PE2
Mcu.Pin3=PE1
Mcu.Pin4=PE0
Mcu.Pin5=PD7
RCC.HSE_VALUE=25000000
NVIC.DebugMonitor_IRQn=true\:0\:0\:false\:false\:true\:false\:false
SH.FMC_D8_DA8.0=FMC_D8,16b-d1
SH.FMC_D8_DA8.1=FMC_D8,16b-d2
NVIC.SysTick_IRQn=true\:0\:0\:false\:false\:true\:false\:true
Dma.SDIO_TX.1.MemBurst=DMA_MBURST_INC4
SH.FMC_D2_DA2.0=FMC_D2,16b-d1
SH.FMC_D2_DA2.1=FMC_D2,16b-d2
PE13.Signal=FMC_D10_DA10
RCC.VCOInputFreq_Value=2000000
PE4.GPIO_Speed=GPIO_SPEED_FREQ_LOW
File.Version=6
PE3.GPIOParameters=GPIO_Label
SH.FMC_D5_DA5.ConfNb=2
SH.FMC_D2_DA2.ConfNb=2
PE3.Locked=true
PE4.Signal=GPIO_Output
PE6.GPIOParameters=GPIO_Speed,GPIO_Label
Dma.RequestsNb=2
ProjectManager.ProjectName=BOOT
SH.FMC_D0_DA0.0=FMC_D0,16b-d1
SH.FMC_D0_DA0.1=FMC_D0,16b-d2
SH.FMC_D4_DA4.ConfNb=2
ProjectManager.ToolChainLocation=
RCC.LSI_VALUE=32000
SH.FMC_D4_DA4.1=FMC_D4,16b-d2
SH.FMC_D4_DA4.0=FMC_D4,16b-d1
PE0.GPIO_Label=SC_RST
PF5.Signal=FMC_A5
Dma.Request1=SDIO_TX
PF0.Signal=FMC_A0
PE7.Signal=FMC_D4_DA4
Dma.Request0=SDIO_RX
PE2.GPIO_Label=FPGA_TDO
PG2.GPIO_Label=FPGA_RST
SH.FMC_A3.ConfNb=2
PA10.Mode=Asynchronous
ProjectManager.NoMain=false
PG3.Signal=GPIO_Output
PC11.Signal=SDIO_D3
PC8.Signal=SDIO_D0
Dma.SDIO_RX.0.PeriphInc=DMA_PINC_DISABLE
PC10.Mode=SD_4_bits_Wide_bus
ProjectManager.DefaultFWLocation=true
PD5.Signal=FMC_NWE
PD9.Signal=FMC_D14_DA14
ProjectManager.DeletePrevious=true
PinOutPanel.CurrentBGAView=Top
NVIC.SDIO_IRQn=true\:0\:0\:false\:false\:true\:true\:true
RCC.FamilyName=M
FATFS0.BSP.instance=PF10
FATFS.IPParameters=_USE_MKFS,_USE_FASTSEEK,USE_DMA_CODE_SD,_USE_LFN
Dma.SDIO_TX.1.MemDataAlignment=DMA_MDATAALIGN_WORD
ProjectManager.TargetToolchain=STM32CubeIDE
FATFS0.BSP.condition=
SH.FMC_D13_DA13.0=FMC_D13,16b-d1
SH.FMC_D1_DA1.ConfNb=2
SH.FMC_D13_DA13.1=FMC_D13,16b-d2
RCC.VcooutputI2SQ=192000000
PE4.Locked=true
PF2.Signal=FMC_A2
PE2.GPIOParameters=GPIO_Label
ProjectManager.RegisterCallBack=
PE0.Locked=true
NVIC.DMA2_Stream3_IRQn=true\:0\:0\:false\:false\:true\:false\:true
PE11.Signal=FMC_D8_DA8
RCC.LSE_VALUE=32768
Dma.SDIO_RX.0.PeriphDataAlignment=DMA_PDATAALIGN_WORD
RCC.VCOI2SOutputFreq_Value=384000000
PD2.Mode=SD_4_bits_Wide_bus
board=custom
RCC.VCOOutputFreq_Value=144000000
FATFS._USE_FASTSEEK=0
FATFS.USE_DMA_CODE_SD=1
RCC.APB2Freq_Value=72000000
MxCube.Version=6.2.1
SH.FMC_D13_DA13.ConfNb=2
PF10.Signal=GPIO_Input
VP_SYS_VS_Systick.Mode=SysTick
SH.FMC_D12_DA12.1=FMC_D12,16b-d2
SH.FMC_D12_DA12.0=FMC_D12,16b-d1
PE5.Locked=true
PF1.Signal=FMC_A1
PE6.Signal=GPIO_Output
SH.FMC_D11_DA11.ConfNb=2
RCC.IPParameters=48MHZClocksFreq_Value,AHBFreq_Value,APB1CLKDivider,APB1Freq_Value,APB1TimFreq_Value,APB2Freq_Value,APB2TimFreq_Value,CortexFreq_Value,EthernetFreq_Value,FCLKCortexFreq_Value,FamilyName,HCLKFreq_Value,HSE_VALUE,HSI_VALUE,I2SClocksFreq_Value,LCDTFTFreq_Value,LSE_VALUE,LSI_VALUE,MCO2PinFreq_Value,PLLCLKFreq_Value,PLLM,PLLN,PLLQ,PLLQCLKFreq_Value,RTCFreq_Value,RTCHSEDivFreq_Value,SAI_AClocksFreq_Value,SAI_BClocksFreq_Value,SYSCLKFreq_VALUE,SYSCLKSource,VCOI2SOutputFreq_Value,VCOInputFreq_Value,VCOOutputFreq_Value,VCOSAIOutputFreq_Value,VCOSAIOutputFreq_ValueQ,VCOSAIOutputFreq_ValueR,VcooutputI2S,VcooutputI2SQ
ProjectManager.AskForMigrate=true
PE0.Signal=GPIO_Output
Mcu.Name=STM32F429NIHx
PE12.Signal=FMC_D9_DA9
PD14.Signal=FMC_D0_DA0
Mcu.IP6=SYS
Mcu.IP7=USART1
ProjectManager.CoupleFile=true
RCC.48MHZClocksFreq_Value=48000000
RCC.SYSCLKFreq_VALUE=72000000
KeepUserPlacement=false
RCC.HSI_VALUE=16000000
RCC.PLLQ=3
FATFS0.BSP.component=
RCC.PLLM=8
RCC.PLLN=72
Dma.SDIO_RX.0.PeriphBurst=DMA_PBURST_INC4
PE5.GPIO_Speed=GPIO_SPEED_FREQ_LOW
PE3.GPIO_Label=FPGA_TDI
PC9.Signal=SDIO_D1
SH.FMC_D8_DA8.ConfNb=2
RCC.APB1Freq_Value=36000000
ProjectManager.DeviceId=STM32F429NIHx
ProjectManager.LibraryCopy=1
PE1.GPIOParameters=GPIO_Label
isbadioc=false
